{
  "version": 4,
  "terraform_version": "1.5.7",
  "serial": 8,
  "lineage": "e4490b4f-f9e7-1c32-0d60-5b49a56e7bea",
  "outputs": {
    "subnet_id": {
      "value": "ocid1.subnet.oc1.iad.aaaaaaaag3a3eng6qbmugc2skx6pxxj5ioksikqtrlbkr5qb2ykkbtqtwvwa",
      "type": "string"
    },
    "vcn_id": {
      "value": "ocid1.vcn.oc1.iad.amaaaaaa2mcagaqacphn7w3meix54gg6vmjjq6ucx56ntmgblk4cq6oufcbq",
      "type": "string"
    }
  },
  "resources": [
    {
      "mode": "managed",
      "type": "oci_core_internet_gateway",
      "name": "marketing_igw",
      "provider": "provider[\"registry.terraform.io/oracle/oci\"]",
      "instances": [
        {
          "schema_version": 0,
          "attributes": {
            "compartment_id": "ocid1.tenancy.oc1..aaaaaaaarnwywmplftprwcpsytd2g5wjxht45o4jgpidrjhulnzv24qp7q5q",
            "defined_tags": {
              "Oracle-Tags.CreatedBy": "default/futurespiced@gmail.com",
              "Oracle-Tags.CreatedOn": "2026-02-14T19:07:39.163Z"
            },
            "display_name": "marketing-igw",
            "enabled": true,
            "freeform_tags": {},
            "id": "ocid1.internetgateway.oc1.iad.aaaaaaaa36occmhajpfbj4ipuqgvzj54easwrc5nsdgopvxjtuuxcqn4nz3a",
            "route_table_id": null,
            "state": "AVAILABLE",
            "time_created": "2026-02-14 19:07:39.201 +0000 UTC",
            "timeouts": null,
            "vcn_id": "ocid1.vcn.oc1.iad.amaaaaaa2mcagaqacphn7w3meix54gg6vmjjq6ucx56ntmgblk4cq6oufcbq"
          },
          "sensitive_attributes": [],
          "private": "eyJlMmJmYjczMC1lY2FhLTExZTYtOGY4OC0zNDM2M2JjN2M0YzAiOnsiY3JlYXRlIjoxMjAwMDAwMDAwMDAwLCJkZWxldGUiOjEyMDAwMDAwMDAwMDAsInVwZGF0ZSI6MTIwMDAwMDAwMDAwMH19",
          "dependencies": [
            "oci_core_vcn.marketing_vcn"
          ]
        }
      ]
    },
    {
      "mode": "managed",
      "type": "oci_core_route_table",
      "name": "marketing_rt",
      "provider": "provider[\"registry.terraform.io/oracle/oci\"]",
      "instances": [
        {
          "schema_version": 0,
          "attributes": {
            "compartment_id": "ocid1.tenancy.oc1..aaaaaaaarnwywmplftprwcpsytd2g5wjxht45o4jgpidrjhulnzv24qp7q5q",
            "defined_tags": {
              "Oracle-Tags.CreatedBy": "default/futurespiced@gmail.com",
              "Oracle-Tags.CreatedOn": "2026-02-14T19:07:39.638Z"
            },
            "display_name": "marketing-rt",
            "freeform_tags": {},
            "id": "ocid1.routetable.oc1.iad.aaaaaaaaa37bbxyywejwtgnutr6wtxsoo5sz4jfsgsgog6wpuq7iovq7ufca",
            "route_rules": [
              {
                "cidr_block": "",
                "description": "Default route to Internet Gateway",
                "destination": "0.0.0.0/0",
                "destination_type": "CIDR_BLOCK",
                "network_entity_id": "ocid1.internetgateway.oc1.iad.aaaaaaaa36occmhajpfbj4ipuqgvzj54easwrc5nsdgopvxjtuuxcqn4nz3a",
                "route_type": ""
              }
            ],
            "state": "AVAILABLE",
            "time_created": "2026-02-14 19:07:39.67 +0000 UTC",
            "timeouts": null,
            "vcn_id": "ocid1.vcn.oc1.iad.amaaaaaa2mcagaqacphn7w3meix54gg6vmjjq6ucx56ntmgblk4cq6oufcbq"
          },
          "sensitive_attributes": [],
          "private": "eyJlMmJmYjczMC1lY2FhLTExZTYtOGY4OC0zNDM2M2JjN2M0YzAiOnsiY3JlYXRlIjoxMjAwMDAwMDAwMDAwLCJkZWxldGUiOjEyMDAwMDAwMDAwMDAsInVwZGF0ZSI6MTIwMDAwMDAwMDAwMH19",
          "dependencies": [
            "oci_core_internet_gateway.marketing_igw",
            "oci_core_vcn.marketing_vcn"
          ]
        }
      ]
    },
    {
      "mode": "managed",
      "type": "oci_core_security_list",
      "name": "marketing_sl",
      "provider": "provider[\"registry.terraform.io/oracle/oci\"]",
      "instances": [
        {
          "schema_version": 0,
          "attributes": {
            "compartment_id": "ocid1.tenancy.oc1..aaaaaaaarnwywmplftprwcpsytd2g5wjxht45o4jgpidrjhulnzv24qp7q5q",
            "defined_tags": {
              "Oracle-Tags.CreatedBy": "default/futurespiced@gmail.com",
              "Oracle-Tags.CreatedOn": "2026-02-14T19:07:39.316Z"
            },
            "display_name": "marketing-sl",
            "egress_security_rules": [
              {
                "description": "Allow all outbound",
                "destination": "0.0.0.0/0",
                "destination_type": "CIDR_BLOCK",
                "icmp_options": [],
                "protocol": "all",
                "stateless": false,
                "tcp_options": [],
                "udp_options": []
              }
            ],
            "freeform_tags": {},
            "id": "ocid1.securitylist.oc1.iad.aaaaaaaa4blfdqdhy27kavbkm46lqnlewfw3qumogltzeypo2vwkoknvaaba",
            "ingress_security_rules": [
              {
                "description": "HTTP backend",
                "icmp_options": [],
                "protocol": "6",
                "source": "0.0.0.0/0",
                "source_type": "CIDR_BLOCK",
                "stateless": false,
                "tcp_options": [
                  {
                    "max": 3000,
                    "min": 3000,
                    "source_port_range": []
                  }
                ],
                "udp_options": []
              },
              {
                "description": "HTTPS",
                "icmp_options": [],
                "protocol": "6",
                "source": "0.0.0.0/0",
                "source_type": "CIDR_BLOCK",
                "stateless": false,
                "tcp_options": [
                  {
                    "max": 443,
                    "min": 443,
                    "source_port_range": []
                  }
                ],
                "udp_options": []
              },
              {
                "description": "SSH from 0.0.0.0/0",
                "icmp_options": [],
                "protocol": "6",
                "source": "0.0.0.0/0",
                "source_type": "CIDR_BLOCK",
                "stateless": false,
                "tcp_options": [
                  {
                    "max": 22,
                    "min": 22,
                    "source_port_range": []
                  }
                ],
                "udp_options": []
              }
            ],
            "state": "AVAILABLE",
            "time_created": "2026-02-14 19:07:39.358 +0000 UTC",
            "timeouts": null,
            "vcn_id": "ocid1.vcn.oc1.iad.amaaaaaa2mcagaqacphn7w3meix54gg6vmjjq6ucx56ntmgblk4cq6oufcbq"
          },
          "sensitive_attributes": [],
          "private": "eyJlMmJmYjczMC1lY2FhLTExZTYtOGY4OC0zNDM2M2JjN2M0YzAiOnsiY3JlYXRlIjoxMjAwMDAwMDAwMDAwLCJkZWxldGUiOjEyMDAwMDAwMDAwMDAsInVwZGF0ZSI6MTIwMDAwMDAwMDAwMH19",
          "dependencies": [
            "oci_core_vcn.marketing_vcn"
          ]
        }
      ]
    },
    {
      "mode": "managed",
      "type": "oci_core_subnet",
      "name": "marketing_subnet",
      "provider": "provider[\"registry.terraform.io/oracle/oci\"]",
      "instances": [
        {
          "schema_version": 0,
          "attributes": {
            "availability_domain": null,
            "cidr_block": "10.0.1.0/24",
            "compartment_id": "ocid1.tenancy.oc1..aaaaaaaarnwywmplftprwcpsytd2g5wjxht45o4jgpidrjhulnzv24qp7q5q",
            "defined_tags": {
              "Oracle-Tags.CreatedBy": "default/futurespiced@gmail.com",
              "Oracle-Tags.CreatedOn": "2026-02-14T19:07:40.130Z"
            },
            "dhcp_options_id": "ocid1.dhcpoptions.oc1.iad.aaaaaaaa5yyeq63pcxcruwdo2nglrpi624x2lydrhnq5wnoccxpelccvglha",
            "display_name": "marketing-public-subnet",
            "dns_label": "public",
            "freeform_tags": {},
            "id": "ocid1.subnet.oc1.iad.aaaaaaaag3a3eng6qbmugc2skx6pxxj5ioksikqtrlbkr5qb2ykkbtqtwvwa",
            "ipv6cidr_block": null,
            "ipv6cidr_blocks": [],
            "ipv6virtual_router_ip": null,
            "prohibit_internet_ingress": false,
            "prohibit_public_ip_on_vnic": false,
            "route_table_id": "ocid1.routetable.oc1.iad.aaaaaaaaa37bbxyywejwtgnutr6wtxsoo5sz4jfsgsgog6wpuq7iovq7ufca",
            "security_list_ids": [
              "ocid1.securitylist.oc1.iad.aaaaaaaa4blfdqdhy27kavbkm46lqnlewfw3qumogltzeypo2vwkoknvaaba"
            ],
            "state": "AVAILABLE",
            "subnet_domain_name": "public.marketing.oraclevcn.com",
            "time_created": "2026-02-14 19:07:40.165 +0000 UTC",
            "timeouts": null,
            "vcn_id": "ocid1.vcn.oc1.iad.amaaaaaa2mcagaqacphn7w3meix54gg6vmjjq6ucx56ntmgblk4cq6oufcbq",
            "virtual_router_ip": "10.0.1.1",
            "virtual_router_mac": "00:00:17:8F:0E:13"
          },
          "sensitive_attributes": [],
          "private": "eyJlMmJmYjczMC1lY2FhLTExZTYtOGY4OC0zNDM2M2JjN2M0YzAiOnsiY3JlYXRlIjoxMjAwMDAwMDAwMDAwLCJkZWxldGUiOjEyMDAwMDAwMDAwMDAsInVwZGF0ZSI6MTIwMDAwMDAwMDAwMH19",
          "dependencies": [
            "oci_core_internet_gateway.marketing_igw",
            "oci_core_route_table.marketing_rt",
            "oci_core_security_list.marketing_sl",
            "oci_core_vcn.marketing_vcn"
          ]
        }
      ]
    },
    {
      "mode": "managed",
      "type": "oci_core_vcn",
      "name": "marketing_vcn",
      "provider": "provider[\"registry.terraform.io/oracle/oci\"]",
      "instances": [
        {
          "schema_version": 0,
          "attributes": {
            "byoipv6cidr_blocks": [],
            "byoipv6cidr_details": null,
            "cidr_block": "10.0.0.0/16",
            "cidr_blocks": [
              "10.0.0.0/16"
            ],
            "compartment_id": "ocid1.tenancy.oc1..aaaaaaaarnwywmplftprwcpsytd2g5wjxht45o4jgpidrjhulnzv24qp7q5q",
            "default_dhcp_options_id": "ocid1.dhcpoptions.oc1.iad.aaaaaaaa5yyeq63pcxcruwdo2nglrpi624x2lydrhnq5wnoccxpelccvglha",
            "default_route_table_id": "ocid1.routetable.oc1.iad.aaaaaaaaif7ndzj3ajiffxkrod7khb55cxl6rwecfmudase44qdrtmebvtxq",
            "default_security_list_id": "ocid1.securitylist.oc1.iad.aaaaaaaanxttvvddqkhpmdlidqzu7vb3s3mgg6hbj4w63hybf4afrxhutwfa",
            "defined_tags": {
              "Oracle-Tags.CreatedBy": "default/futurespiced@gmail.com",
              "Oracle-Tags.CreatedOn": "2026-02-14T19:07:38.388Z"
            },
            "display_name": "marketing-vcn",
            "dns_label": "marketing",
            "freeform_tags": {},
            "id": "ocid1.vcn.oc1.iad.amaaaaaa2mcagaqacphn7w3meix54gg6vmjjq6ucx56ntmgblk4cq6oufcbq",
            "ipv6cidr_blocks": [],
            "ipv6private_cidr_blocks": [],
            "is_ipv6enabled": false,
            "is_oracle_gua_allocation_enabled": null,
            "security_attributes": {},
            "state": "AVAILABLE",
            "time_created": "2026-02-14 19:07:38.486 +0000 UTC",
            "timeouts": null,
            "vcn_domain_name": "marketing.oraclevcn.com"
          },
          "sensitive_attributes": [],
          "private": "eyJlMmJmYjczMC1lY2FhLTExZTYtOGY4OC0zNDM2M2JjN2M0YzAiOnsiY3JlYXRlIjoxMjAwMDAwMDAwMDAwLCJkZWxldGUiOjEyMDAwMDAwMDAwMDAsInVwZGF0ZSI6MTIwMDAwMDAwMDAwMH19"
        }
      ]
    }
  ],
  "check_results": null
}
